
Microsoft Visual Studio Solution File, Format Version 11.00
# Visual Studio 2010
Project("{FAE04EC0-301F-11D3-BF4B-00C04F79EFBC}") = "Restify.Server", "Restify.Server\Restify.Server.csproj", "{2CA71BB7-DE60-4202-AF15-07C104D9912C}"
EndProject
Project("{8BC9CEB8-8B4A-11D0-8D11-00A0C91BC942}") = "Restify.Spotify", "Restify.Spotify\Restify.Spotify.vcxproj", "{654FD394-FE7B-491E-8126-13711A1EE5FC}"
EndProject
Project("{2150E333-8FDC-42A3-9474-1A3956D46DE8}") = "Solution Items", "Solution Items", "{26BC70D7-981B-4285-ACF8-D4B9BE5BBE49}"
	ProjectSection(SolutionItems) = preProject
		README.TXT = README.TXT
	EndProjectSection
EndProject
Project("{FAE04EC0-301F-11D3-BF4B-00C04F79EFBC}") = "Testify", "Testify\Testify.csproj", "{75B0AD69-B2E8-405A-A4E4-70196B20CCC1}"
EndProject
Global
	GlobalSection(SolutionConfigurationPlatforms) = preSolution
		Debug|Mixed Platforms = Debug|Mixed Platforms
		Debug|Win32 = Debug|Win32
		Debug|x86 = Debug|x86
		Release|Mixed Platforms = Release|Mixed Platforms
		Release|Win32 = Release|Win32
		Release|x86 = Release|x86
	EndGlobalSection
	GlobalSection(ProjectConfigurationPlatforms) = postSolution
		{2CA71BB7-DE60-4202-AF15-07C104D9912C}.Debug|Mixed Platforms.ActiveCfg = Debug|x86
		{2CA71BB7-DE60-4202-AF15-07C104D9912C}.Debug|Mixed Platforms.Build.0 = Debug|x86
		{2CA71BB7-DE60-4202-AF15-07C104D9912C}.Debug|Win32.ActiveCfg = Debug|x86
		{2CA71BB7-DE60-4202-AF15-07C104D9912C}.Debug|x86.ActiveCfg = Debug|x86
		{2CA71BB7-DE60-4202-AF15-07C104D9912C}.Debug|x86.Build.0 = Debug|x86
		{2CA71BB7-DE60-4202-AF15-07C104D9912C}.Release|Mixed Platforms.ActiveCfg = Release|x86
		{2CA71BB7-DE60-4202-AF15-07C104D9912C}.Release|Mixed Platforms.Build.0 = Release|x86
		{2CA71BB7-DE60-4202-AF15-07C104D9912C}.Release|Win32.ActiveCfg = Release|x86
		{2CA71BB7-DE60-4202-AF15-07C104D9912C}.Release|x86.ActiveCfg = Release|x86
		{2CA71BB7-DE60-4202-AF15-07C104D9912C}.Release|x86.Build.0 = Release|x86
		{654FD394-FE7B-491E-8126-13711A1EE5FC}.Debug|Mixed Platforms.ActiveCfg = Debug|Win32
		{654FD394-FE7B-491E-8126-13711A1EE5FC}.Debug|Mixed Platforms.Build.0 = Debug|Win32
		{654FD394-FE7B-491E-8126-13711A1EE5FC}.Debug|Win32.ActiveCfg = Debug|Win32
		{654FD394-FE7B-491E-8126-13711A1EE5FC}.Debug|Win32.Build.0 = Debug|Win32
		{654FD394-FE7B-491E-8126-13711A1EE5FC}.Debug|x86.ActiveCfg = Debug|Win32
		{654FD394-FE7B-491E-8126-13711A1EE5FC}.Release|Mixed Platforms.ActiveCfg = Release|Win32
		{654FD394-FE7B-491E-8126-13711A1EE5FC}.Release|Mixed Platforms.Build.0 = Release|Win32
		{654FD394-FE7B-491E-8126-13711A1EE5FC}.Release|Win32.ActiveCfg = Release|Win32
		{654FD394-FE7B-491E-8126-13711A1EE5FC}.Release|Win32.Build.0 = Release|Win32
		{654FD394-FE7B-491E-8126-13711A1EE5FC}.Release|x86.ActiveCfg = Release|Win32
		{75B0AD69-B2E8-405A-A4E4-70196B20CCC1}.Debug|Mixed Platforms.ActiveCfg = Debug|x86
		{75B0AD69-B2E8-405A-A4E4-70196B20CCC1}.Debug|Mixed Platforms.Build.0 = Debug|x86
		{75B0AD69-B2E8-405A-A4E4-70196B20CCC1}.Debug|Win32.ActiveCfg = Debug|x86
		{75B0AD69-B2E8-405A-A4E4-70196B20CCC1}.Debug|x86.ActiveCfg = Debug|x86
		{75B0AD69-B2E8-405A-A4E4-70196B20CCC1}.Debug|x86.Build.0 = Debug|x86
		{75B0AD69-B2E8-405A-A4E4-70196B20CCC1}.Release|Mixed Platforms.ActiveCfg = Release|x86
		{75B0AD69-B2E8-405A-A4E4-70196B20CCC1}.Release|Mixed Platforms.Build.0 = Release|x86
		{75B0AD69-B2E8-405A-A4E4-70196B20CCC1}.Release|Win32.ActiveCfg = Release|x86
		{75B0AD69-B2E8-405A-A4E4-70196B20CCC1}.Release|x86.ActiveCfg = Release|x86
		{75B0AD69-B2E8-405A-A4E4-70196B20CCC1}.Release|x86.Build.0 = Release|x86
	EndGlobalSection
	GlobalSection(SolutionProperties) = preSolution
		HideSolutionNode = FALSE
	EndGlobalSection
EndGlobal
